{
  "nodes": {
    "diffview-nvim": {
      "flake": false,
      "locked": {
        "lastModified": 1674929996,
        "narHash": "sha256-xWykBotrrLdrebsOwmoU27y0XyQvWizEJYqUFDMoFm8=",
        "owner": "sindrets",
        "repo": "diffview.nvim",
        "rev": "f587965b8d23efe52c814d3b2a2cb8986783aa7f",
        "type": "github"
      },
      "original": {
        "owner": "sindrets",
        "ref": "feat/inline-diff",
        "repo": "diffview.nvim",
        "type": "github"
      }
    },
    "flake-utils": {
      "locked": {
        "lastModified": 1676283394,
        "narHash": "sha256-XX2f9c3iySLCw54rJ/CZs+ZK6IQy7GXNY4nSOyu2QG4=",
        "owner": "numtide",
        "repo": "flake-utils",
        "rev": "3db36a8b464d0c4532ba1c7dda728f4576d6d073",
        "type": "github"
      },
      "original": {
        "owner": "numtide",
        "repo": "flake-utils",
        "type": "github"
      }
    },
    "gitsigns-nvim": {
      "flake": false,
      "locked": {
        "lastModified": 1674928387,
        "narHash": "sha256-nxqs6nIQKyK6GzQihgBUY1/HggF/i5huz5VsUUu4fKE=",
        "owner": "sindrets",
        "repo": "gitsigns.nvim",
        "rev": "71e0e102e2ac83c6685c6a92fa4f714eef17778a",
        "type": "github"
      },
      "original": {
        "owner": "sindrets",
        "ref": "feat/general-attach",
        "repo": "gitsigns.nvim",
        "type": "github"
      }
    },
    "neovim-session-manager": {
      "flake": false,
      "locked": {
        "lastModified": 1675414961,
        "narHash": "sha256-dHFhZtBvU6sc6XR49oL3TW0sUwAOwLf4S5q+m8u76c8=",
        "owner": "Shatur",
        "repo": "neovim-session-manager",
        "rev": "e7a2cbf56b5fd3a223f2774b535499fc62eca6ef",
        "type": "github"
      },
      "original": {
        "owner": "Shatur",
        "repo": "neovim-session-manager",
        "type": "github"
      }
    },
    "nixpkgs": {
      "locked": {
        "lastModified": 1677852945,
        "narHash": "sha256-liiVJjkBTuBTAkRW3hrI8MbPD2ImYzwUpa7kvteiKhM=",
        "owner": "nixos",
        "repo": "nixpkgs",
        "rev": "f5ffd5787786dde3a8bf648c7a1b5f78c4e01abb",
        "type": "github"
      },
      "original": {
        "owner": "nixos",
        "ref": "nixpkgs-unstable",
        "repo": "nixpkgs",
        "type": "github"
      }
    },
    "root": {
      "inputs": {
        "diffview-nvim": "diffview-nvim",
        "flake-utils": "flake-utils",
        "gitsigns-nvim": "gitsigns-nvim",
        "neovim-session-manager": "neovim-session-manager",
        "nixpkgs": "nixpkgs",
        "rust-tools-nvim": "rust-tools-nvim"
      }
    },
    "rust-tools-nvim": {
      "flake": false,
      "locked": {
        "lastModified": 1676929960,
        "narHash": "sha256-Cuk/vdoviB9ibt2rrkNRmNFy4S+6czhbExmIjTJRdZM=",
        "owner": "simrat39",
        "repo": "rust-tools.nvim",
        "rev": "71d2cf67b5ed120a0e31b2c8adb210dd2834242f",
        "type": "github"
      },
      "original": {
        "owner": "simrat39",
        "repo": "rust-tools.nvim",
        "type": "github"
      }
    }
  },
  "root": "root",
  "version": 7
}
