{
  "nodes": {
    "diffview-nvim": {
      "flake": false,
      "locked": {
        "lastModified": 1674929996,
        "narHash": "sha256-xWykBotrrLdrebsOwmoU27y0XyQvWizEJYqUFDMoFm8=",
        "owner": "sindrets",
        "repo": "diffview.nvim",
        "rev": "f587965b8d23efe52c814d3b2a2cb8986783aa7f",
        "type": "github"
      },
      "original": {
        "owner": "sindrets",
        "ref": "feat/inline-diff",
        "repo": "diffview.nvim",
        "type": "github"
      }
    },
    "flake-utils": {
      "locked": {
        "lastModified": 1667395993,
        "narHash": "sha256-nuEHfE/LcWyuSWnS8t12N1wc105Qtau+/OdUAjtQ0rA=",
        "owner": "numtide",
        "repo": "flake-utils",
        "rev": "5aed5285a952e0b949eb3ba02c12fa4fcfef535f",
        "type": "github"
      },
      "original": {
        "owner": "numtide",
        "repo": "flake-utils",
        "type": "github"
      }
    },
    "gitsigns-nvim": {
      "flake": false,
      "locked": {
        "lastModified": 1674928387,
        "narHash": "sha256-nxqs6nIQKyK6GzQihgBUY1/HggF/i5huz5VsUUu4fKE=",
        "owner": "sindrets",
        "repo": "gitsigns.nvim",
        "rev": "71e0e102e2ac83c6685c6a92fa4f714eef17778a",
        "type": "github"
      },
      "original": {
        "owner": "sindrets",
        "ref": "feat/general-attach",
        "repo": "gitsigns.nvim",
        "type": "github"
      }
    },
    "neovim-session-manager": {
      "flake": false,
      "locked": {
        "lastModified": 1673889890,
        "narHash": "sha256-bZjmzfLHxybHD2zGoppUfh/z4oiFeql8LwH5RMVzrHU=",
        "owner": "Shatur",
        "repo": "neovim-session-manager",
        "rev": "afd2d691667036ee50c4783c292ed072d9573be7",
        "type": "github"
      },
      "original": {
        "owner": "Shatur",
        "repo": "neovim-session-manager",
        "type": "github"
      }
    },
    "nixpkgs": {
      "locked": {
        "lastModified": 1675062963,
        "narHash": "sha256-a3IQvBtrwzgBWnLvY08VLCUKkF4bAb1DTgMtyJ+jmWc=",
        "owner": "nixos",
        "repo": "nixpkgs",
        "rev": "1badc6db75d797f53c77d18d89c4eb8616d205cc",
        "type": "github"
      },
      "original": {
        "owner": "nixos",
        "ref": "nixpkgs-unstable",
        "repo": "nixpkgs",
        "type": "github"
      }
    },
    "root": {
      "inputs": {
        "diffview-nvim": "diffview-nvim",
        "flake-utils": "flake-utils",
        "gitsigns-nvim": "gitsigns-nvim",
        "neovim-session-manager": "neovim-session-manager",
        "nixpkgs": "nixpkgs",
        "rust-tools-nvim": "rust-tools-nvim"
      }
    },
    "rust-tools-nvim": {
      "flake": false,
      "locked": {
        "lastModified": 1674685175,
        "narHash": "sha256-MLY+8rMGqCmo0az1eZPid7ppxTcBjUVdtE6pZ+70krs=",
        "owner": "simrat39",
        "repo": "rust-tools.nvim",
        "rev": "b297167d9e01accc9b9afe872ce91e791df2dde0",
        "type": "github"
      },
      "original": {
        "owner": "simrat39",
        "repo": "rust-tools.nvim",
        "type": "github"
      }
    }
  },
  "root": "root",
  "version": 7
}
